github.com/coreos/go-systemd v0.0.0-20180828140353-eee3db372b31 h1:wRzCUSYhBIk1KvRIlx+nvScCRIxX0iIhSU5h9xj7MUU=
github.com/coreos/go-systemd v0.0.0-20180828140353-eee3db372b31/go.mod h1:F5haX7vjVVG0kc13fIWeqUViNPyEJxv/OmvnBo0Yme4=
github.com/pkg/errors v0.8.0 h1:WdK/asTD0HN+q6hsWO3/vpuAkAr+tw6aNJNDFFf0+qw=
github.com/pkg/errors v0.8.0/go.mod h1:bwawxfHBFNV+L2hUp1rHADufV3IMtnDRdf1r5NINEl0=
github.com/urfave/negroni v1.0.0 h1:kIimOitoypq34K7TG7DUaJ9kq/N4Ofuwi1sjz0KipXc=
github.com/urfave/negroni v1.0.0/go.mod h1:Meg73S6kFm/4PpbYdq35yYWoCZ9mS/YSx+lKnmiohz4=
